{
  "version": "3",
  "redirects": {
    "https://deno.land/std/http/server.ts": "https://deno.land/std@0.224.0/http/server.ts"
  },
  "remote": {
    "https://deno.land/std@0.224.0/async/delay.ts": "f90dd685b97c2f142b8069082993e437b1602b8e2561134827eeb7c12b95c499",
    "https://deno.land/std@0.224.0/http/server.ts": "f9313804bf6467a1704f45f76cb6cd0a3396a3b31c316035e6a4c2035d1ea514",
    "https://deno.land/x/chess@0.6.0/mod.ts": "a5cc7d66f5742c4913e7f822e69ad712e1f001cc84a614c7ccd33927333ee21c",
    "https://deno.land/x/chess@0.6.0/src/autoplayers/BeginnerAI.ts": "f0f1ad2f0e9704a7f9681352121e10b294cfdad0e9d5f655d1562dbd59aa46d6",
    "https://deno.land/x/chess@0.6.0/src/autoplayers/utils/evaluation/ScoreSettings.ts": "c3f8f98354215329cf05e11c8443fd732c330a2934ab6b7ed9b929b22df9fd2b",
    "https://deno.land/x/chess@0.6.0/src/autoplayers/utils/evaluation/listOrderedMoves.ts": "3371c6cf8ba66faca6644cd4adc8a668ae9c9ce233d219956df225222ecf6612",
    "https://deno.land/x/chess@0.6.0/src/autoplayers/utils/evaluation/scoreBoard.ts": "14a5b952365dc048fa1307edd29371e6b18eeff72acc87aa9fec61ec24034dc5",
    "https://deno.land/x/chess@0.6.0/src/autoplayers/utils/gameScore.ts": "78bed4a68f3712bc73910c5fc8c4c6774adcb05a5b7b040276dd2a6607b225d2",
    "https://deno.land/x/chess@0.6.0/src/autoplayers/utils/miniMax.ts": "58255e2001bef68ef25056df7d4053bceaeae6cc6a742e6030bb8e9487c39d87",
    "https://deno.land/x/chess@0.6.0/src/core/datatypes/Board.ts": "f1f5dee16e70d5d49488d66280be61b125a8cf26787eeb19998ce8768453d41a",
    "https://deno.land/x/chess@0.6.0/src/core/datatypes/CastleMap.ts": "c2690ee7f204ba2a2cbc34204a1d9e084b94cae2aedc82bf4853f83a2b057091",
    "https://deno.land/x/chess@0.6.0/src/core/datatypes/ChessError.ts": "5ccd52613fc862c22e551add04e152824d6bb73d2a58ed49d6a5d6df64c53219",
    "https://deno.land/x/chess@0.6.0/src/core/datatypes/Color.ts": "735478a6593ba7e10102750c6e67cb2e5f16314ddd030d292bed64cf1a820859",
    "https://deno.land/x/chess@0.6.0/src/core/datatypes/Coord.ts": "3308a2c5ff6389e463698d7b0cef9cc4d5de0fe7c542e4b4a74ba3b3cddf0d7e",
    "https://deno.land/x/chess@0.6.0/src/core/datatypes/GameStatus.ts": "7e8db0037fe71d6d2eea107900ab96edc6e457cfe6e3280dbffa63d7b0302a51",
    "https://deno.land/x/chess@0.6.0/src/core/datatypes/Move.ts": "437585fe5f962ba9b18c18dd8170181e0b6120c07e947455989048ec2788071e",
    "https://deno.land/x/chess@0.6.0/src/core/datatypes/PieceType.ts": "ee5a2a040fbe48c54bf210cef09364765c2e7cc6385d0649a7a94e0e82ba5bb3",
    "https://deno.land/x/chess@0.6.0/src/core/datatypes/Space.ts": "f3086d595f3883dae7c51210ebf95e932e301996c23f24017d840b77415a8a15",
    "https://deno.land/x/chess@0.6.0/src/core/logic/FEN/boardFromFEN.ts": "c0376aeecc5e3531b1df5722138a77fb379c9e262cd894d7e76919acfb0cb026",
    "https://deno.land/x/chess@0.6.0/src/core/logic/FEN/boardToFEN.ts": "2b80f169ce3933357957ee4fabaa58092ed2faa25354e3371c1ab3f4f5f260d3",
    "https://deno.land/x/chess@0.6.0/src/core/logic/PGN/gameFromPGN.ts": "d6932cf6f4901cd05dcc7c64f02e6206271e52eea8c38a7a902a491b1e8d7dc8",
    "https://deno.land/x/chess@0.6.0/src/core/logic/PGN/gameToPGN.ts": "795076e0bd0ac5049765ed2252079517531b3e7dbda4db1a046adb710b5a1ac8",
    "https://deno.land/x/chess@0.6.0/src/core/logic/PGN/pgnUtils.ts": "967902536bd5a6a33a25abe362d3a878a52edddef7296a07b0a182f972b9a6eb",
    "https://deno.land/x/chess@0.6.0/src/core/logic/assert.ts": "79490e3141d89d768a939798f8c64dfd808396be30c9739d9619f8743002f70e",
    "https://deno.land/x/chess@0.6.0/src/core/logic/attackMap.ts": "fa7497b2c0400f7b4d677e1bc8a78e45b2d8a3df668173e2b1c3a2f0ba63a0f7",
    "https://deno.land/x/chess@0.6.0/src/core/logic/boardLacksMaterial.ts": "d7595a6f362cb04f001e1255621fa6ac1e53bbd855978bc60b06302fee345d33",
    "https://deno.land/x/chess@0.6.0/src/core/logic/boardLayouts/buildStandardBoard.ts": "49db694fb5748ae020dba01f5c1773d06218b1a6b72e788029e11d73a33a2bad",
    "https://deno.land/x/chess@0.6.0/src/core/logic/boardRenderASCII.ts": "afea129e8198fa1c43186e733a32c681905d5d216afa58951d6f3ae75dbf144b",
    "https://deno.land/x/chess@0.6.0/src/core/logic/findMoveBySAN.ts": "cdee3d21e30b87ed0723afddc3967f7962932dfbb0bf3585ae60944082e4b7a0",
    "https://deno.land/x/chess@0.6.0/src/core/logic/hashBoard.ts": "f2ee59bb5997bffdd01d2a5432ceeb55432768ee476796021ee9389b3f9ba5e7",
    "https://deno.land/x/chess@0.6.0/src/core/logic/kingInDanger.ts": "03fbe107fa661f0efb7b7f59af912e9c5628dcbe94f1ec015558b8450ae9e32d",
    "https://deno.land/x/chess@0.6.0/src/core/logic/listValidMoves.ts": "1fd895c8fc9ebefaf46c34b122c3c6f6cfa785e54104a9d20ec0f40d01f03a23",
    "https://deno.land/x/chess@0.6.0/src/core/logic/moveFormats/moveToSAN.ts": "c5000943eabcf0b58a798bd98b7be8985e50ce7b783d5ef3606884a77c6ef29d",
    "https://deno.land/x/chess@0.6.0/src/core/logic/moveResults.ts": "9f3626aaa5dab2b2167758e50c60737876434b32e1365fb9f2b2ab3897296205",
    "https://deno.land/x/chess@0.6.0/src/core/logic/performMove.ts": "07977c2cae16db468779fb187785a4d43990106d4deba9a9e3ec3c9ba4b44f7d",
    "https://deno.land/x/chess@0.6.0/src/core/logic/revertMove.ts": "cbfaf9ea730dbe097d6e63893fe2b12e53bc284a506f62ab0f1247e2c294bd59",
    "https://deno.land/x/chess@0.6.0/src/public/ChessGame.ts": "790d1b193dac063331af1be3a15f64af7dc04b0455b21e5fd50933c72c3ac901",
    "https://deno.land/x/chess@0.6.0/src/public/GameMove.ts": "3e54747cfa1150c1a92a0b4af107fec9110db1f0e5ea02f358cbd021f6e0e3bd",
    "https://deno.land/x/chess@0.6.0/src/public/doGameMove.ts": "d70db3c0c853ec850ef054f18e97dd20005d787fa957a8c82b819d5a3c6f38be"
  }
}
